// !$*UTF8*$!
{
	archiveVersion = 1;
	classes = {
	};
	objectVersion = 56;
	objects = {

/* Begin PBXBuildFile section */
		E4474F432C7DE4A1003997F2 /* GoogleService-Info.plist in Resources */ = {isa = PBXBuildFile; fileRef = E4474F422C7DE4A1003997F2 /* GoogleService-Info.plist */; };
		E46724BD2A8D333600CD865B /* AuthError.swift in Sources */ = {isa = PBXBuildFile; fileRef = E46724BC2A8D333600CD865B /* AuthError.swift */; };
		E46724BF2A8D344B00CD865B /* MessageInputView.swift in Sources */ = {isa = PBXBuildFile; fileRef = E46724BE2A8D344B00CD865B /* MessageInputView.swift */; };
		E46724C42A8D34F200CD865B /* LinkPreviewViewModel.swift in Sources */ = {isa = PBXBuildFile; fileRef = E46724C32A8D34F200CD865B /* LinkPreviewViewModel.swift */; };
		E46724C62A8D350100CD865B /* LPLinkViewRepresented.swift in Sources */ = {isa = PBXBuildFile; fileRef = E46724C52A8D350100CD865B /* LPLinkViewRepresented.swift */; };
		E46724C82A8D351100CD865B /* LinkPreview.swift in Sources */ = {isa = PBXBuildFile; fileRef = E46724C72A8D351100CD865B /* LinkPreview.swift */; };
		E46724CC2A8D36C700CD865B /* PreviewProvider.swift in Sources */ = {isa = PBXBuildFile; fileRef = E46724CB2A8D36C700CD865B /* PreviewProvider.swift */; };
		E46724CE2A8D36DC00CD865B /* Color.swift in Sources */ = {isa = PBXBuildFile; fileRef = E46724CD2A8D36DC00CD865B /* Color.swift */; };
		E46724D22A8D378C00CD865B /* ImageUploader.swift in Sources */ = {isa = PBXBuildFile; fileRef = E46724D12A8D378C00CD865B /* ImageUploader.swift */; };
		E46724D62A8D380F00CD865B /* MSGButtonModifier.swift in Sources */ = {isa = PBXBuildFile; fileRef = E46724D52A8D380F00CD865B /* MSGButtonModifier.swift */; };
		E46724D82A8D384000CD865B /* PhotosPickerHelper.swift in Sources */ = {isa = PBXBuildFile; fileRef = E46724D72A8D384000CD865B /* PhotosPickerHelper.swift */; };
		E474D8322C825AB000FAA4DA /* Page.swift in Sources */ = {isa = PBXBuildFile; fileRef = E474D8312C825AB000FAA4DA /* Page.swift */; };
		E474D8342C825B1800FAA4DA /* IntrosView.swift in Sources */ = {isa = PBXBuildFile; fileRef = E474D8332C825B1800FAA4DA /* IntrosView.swift */; };
		E474D8362C825B3E00FAA4DA /* MorphingSymbolView.swift in Sources */ = {isa = PBXBuildFile; fileRef = E474D8352C825B3E00FAA4DA /* MorphingSymbolView.swift */; };
		E474D8392C825BE000FAA4DA /* CustomTF.swift in Sources */ = {isa = PBXBuildFile; fileRef = E474D8382C825BE000FAA4DA /* CustomTF.swift */; };
		E474D83B2C825C0100FAA4DA /* SizeKey.swift in Sources */ = {isa = PBXBuildFile; fileRef = E474D83A2C825C0100FAA4DA /* SizeKey.swift */; };
		E474D83D2C825C0900FAA4DA /* OffsetKeyLogin.swift in Sources */ = {isa = PBXBuildFile; fileRef = E474D83C2C825C0900FAA4DA /* OffsetKeyLogin.swift */; };
		E474D83F2C825C5600FAA4DA /* View+Extensions.swift in Sources */ = {isa = PBXBuildFile; fileRef = E474D83E2C825C5600FAA4DA /* View+Extensions.swift */; };
		E474D8422C8269F100FAA4DA /* SDWebImageSwiftUI in Frameworks */ = {isa = PBXBuildFile; productRef = E474D8412C8269F100FAA4DA /* SDWebImageSwiftUI */; };
		E474D8462C830AE900FAA4DA /* FirebaseMessaging in Frameworks */ = {isa = PBXBuildFile; productRef = E474D8452C830AE900FAA4DA /* FirebaseMessaging */; };
		E474D8492C8397C600FAA4DA /* SwiftfulRouting in Frameworks */ = {isa = PBXBuildFile; productRef = E474D8482C8397C600FAA4DA /* SwiftfulRouting */; };
		E474D84C2C8397E300FAA4DA /* SwiftfulUI in Frameworks */ = {isa = PBXBuildFile; productRef = E474D84B2C8397E300FAA4DA /* SwiftfulUI */; };
		E474D84F2C83999400FAA4DA /* InboxHeader.swift in Sources */ = {isa = PBXBuildFile; fileRef = E474D84E2C83999400FAA4DA /* InboxHeader.swift */; };
		E474D8512C839A0800FAA4DA /* Extensions.swift in Sources */ = {isa = PBXBuildFile; fileRef = E474D8502C839A0800FAA4DA /* Extensions.swift */; };
		E474D8532C839C2300FAA4DA /* PlaceholderFeedView.swift in Sources */ = {isa = PBXBuildFile; fileRef = E474D8522C839C2300FAA4DA /* PlaceholderFeedView.swift */; };
		E474D8552C839C5100FAA4DA /* ShimmerEffect.swift in Sources */ = {isa = PBXBuildFile; fileRef = E474D8542C839C5100FAA4DA /* ShimmerEffect.swift */; };
		E474D8572C839C6500FAA4DA /* CustomRefreshView.swift in Sources */ = {isa = PBXBuildFile; fileRef = E474D8562C839C6500FAA4DA /* CustomRefreshView.swift */; };
		E474D8592C839C8C00FAA4DA /* ThemeChangeView.swift in Sources */ = {isa = PBXBuildFile; fileRef = E474D8582C839C8C00FAA4DA /* ThemeChangeView.swift */; };
		E474D85B2C83A2C900FAA4DA /* CustomButton.swift in Sources */ = {isa = PBXBuildFile; fileRef = E474D85A2C83A2C900FAA4DA /* CustomButton.swift */; };
		E474D85F2C844EBA00FAA4DA /* InboxCell.swift in Sources */ = {isa = PBXBuildFile; fileRef = E474D85E2C844EBA00FAA4DA /* InboxCell.swift */; };
		E4F2AE0A2C85EF1900FD523A /* SettingsOptions.swift in Sources */ = {isa = PBXBuildFile; fileRef = E4F2AE022C85EF1900FD523A /* SettingsOptions.swift */; };
		E4F2AE0C2C85EF1900FD523A /* SettingsView.swift in Sources */ = {isa = PBXBuildFile; fileRef = E4F2AE052C85EF1900FD523A /* SettingsView.swift */; };
		E4F2AE0D2C85EF1900FD523A /* SettingsViewModel.swift in Sources */ = {isa = PBXBuildFile; fileRef = E4F2AE072C85EF1900FD523A /* SettingsViewModel.swift */; };
		E4F2AE102C860B2B00FD523A /* CustomChatButton.swift in Sources */ = {isa = PBXBuildFile; fileRef = E4F2AE0F2C860B2B00FD523A /* CustomChatButton.swift */; };
		E4F3B0432A879F9C00CA37ED /* NewMessageViewModel.swift in Sources */ = {isa = PBXBuildFile; fileRef = E4F3B0422A879F9C00CA37ED /* NewMessageViewModel.swift */; };
		E4F3B0452A87A81700CA37ED /* Message.swift in Sources */ = {isa = PBXBuildFile; fileRef = E4F3B0442A87A81700CA37ED /* Message.swift */; };
		E4F3B0472A87AA1300CA37ED /* MessageService.swift in Sources */ = {isa = PBXBuildFile; fileRef = E4F3B0462A87AA1300CA37ED /* MessageService.swift */; };
		E4F3B04B2A87AEF700CA37ED /* ChatViewModel.swift in Sources */ = {isa = PBXBuildFile; fileRef = E4F3B04A2A87AEF700CA37ED /* ChatViewModel.swift */; };
		E4F3B04E2A87BE0A00CA37ED /* ChatService.swift in Sources */ = {isa = PBXBuildFile; fileRef = E4F3B04D2A87BE0A00CA37ED /* ChatService.swift */; };
		E4F3B0512A87BFC000CA37ED /* Constants.swift in Sources */ = {isa = PBXBuildFile; fileRef = E4F3B0502A87BFC000CA37ED /* Constants.swift */; };
		E4F3B0542A87C52700CA37ED /* InboxService.swift in Sources */ = {isa = PBXBuildFile; fileRef = E4F3B0532A87C52700CA37ED /* InboxService.swift */; };
		E4F3B0562A88109E00CA37ED /* Date.swift in Sources */ = {isa = PBXBuildFile; fileRef = E4F3B0552A88109E00CA37ED /* Date.swift */; };
		E4F3B05A2A88155300CA37ED /* ActiveNowViewModel.swift in Sources */ = {isa = PBXBuildFile; fileRef = E4F3B0592A88155300CA37ED /* ActiveNowViewModel.swift */; };
		E4F3B05D2A8819AE00CA37ED /* Route.swift in Sources */ = {isa = PBXBuildFile; fileRef = E4F3B05C2A8819AE00CA37ED /* Route.swift */; };
		E4FDFAC02A82A2C10058898E /* ChatAppApp.swift in Sources */ = {isa = PBXBuildFile; fileRef = E4FDFABF2A82A2C10058898E /* ChatAppApp.swift */; };
		E4FDFAC22A82A2C10058898E /* ContentView.swift in Sources */ = {isa = PBXBuildFile; fileRef = E4FDFAC12A82A2C10058898E /* ContentView.swift */; };
		E4FDFAC42A82A2C20058898E /* Assets.xcassets in Resources */ = {isa = PBXBuildFile; fileRef = E4FDFAC32A82A2C20058898E /* Assets.xcassets */; };
		E4FDFAC72A82A2C20058898E /* Preview Assets.xcassets in Resources */ = {isa = PBXBuildFile; fileRef = E4FDFAC62A82A2C20058898E /* Preview Assets.xcassets */; };
		E4FDFADD2A83E8050058898E /* InboxView.swift in Sources */ = {isa = PBXBuildFile; fileRef = E4FDFADC2A83E8050058898E /* InboxView.swift */; };
		E4FDFAE02A83EA0B0058898E /* ActiveNowView.swift in Sources */ = {isa = PBXBuildFile; fileRef = E4FDFADF2A83EA0B0058898E /* ActiveNowView.swift */; };
		E4FDFAE52A83F17D0058898E /* NewMessageView.swift in Sources */ = {isa = PBXBuildFile; fileRef = E4FDFAE42A83F17D0058898E /* NewMessageView.swift */; };
		E4FDFAEA2A83F65C0058898E /* ProfileView.swift in Sources */ = {isa = PBXBuildFile; fileRef = E4FDFAE92A83F65C0058898E /* ProfileView.swift */; };
		E4FDFAEE2A8545FB0058898E /* ProfileViewModel.swift in Sources */ = {isa = PBXBuildFile; fileRef = E4FDFAED2A8545FB0058898E /* ProfileViewModel.swift */; };
		E4FDFAF02A85493C0058898E /* User.swift in Sources */ = {isa = PBXBuildFile; fileRef = E4FDFAEF2A85493C0058898E /* User.swift */; };
		E4FDFAF32A854DB60058898E /* CircularProfileImageView.swift in Sources */ = {isa = PBXBuildFile; fileRef = E4FDFAF22A854DB60058898E /* CircularProfileImageView.swift */; };
		E4FDFAF62A8556850058898E /* ChatView.swift in Sources */ = {isa = PBXBuildFile; fileRef = E4FDFAF52A8556850058898E /* ChatView.swift */; };
		E4FDFAF82A8559C80058898E /* ChatMessgeCell.swift in Sources */ = {isa = PBXBuildFile; fileRef = E4FDFAF72A8559C80058898E /* ChatMessgeCell.swift */; };
		E4FDFAFA2A855D2D0058898E /* ChatBubble.swift in Sources */ = {isa = PBXBuildFile; fileRef = E4FDFAF92A855D2D0058898E /* ChatBubble.swift */; };
		E4FDFB012A86790D0058898E /* FirebaseAuth in Frameworks */ = {isa = PBXBuildFile; productRef = E4FDFB002A86790D0058898E /* FirebaseAuth */; };
		E4FDFB032A86790D0058898E /* FirebaseFirestore in Frameworks */ = {isa = PBXBuildFile; productRef = E4FDFB022A86790D0058898E /* FirebaseFirestore */; };
		E4FDFB052A86790D0058898E /* FirebaseFirestoreSwift in Frameworks */ = {isa = PBXBuildFile; productRef = E4FDFB042A86790D0058898E /* FirebaseFirestoreSwift */; };
		E4FDFB072A86790D0058898E /* FirebaseStorage in Frameworks */ = {isa = PBXBuildFile; productRef = E4FDFB062A86790D0058898E /* FirebaseStorage */; };
		E4FDFB0D2A867AF90058898E /* LoginViewModel.swift in Sources */ = {isa = PBXBuildFile; fileRef = E4FDFB0C2A867AF90058898E /* LoginViewModel.swift */; };
		E4FDFB0F2A867B380058898E /* RegisterViewModel.swift in Sources */ = {isa = PBXBuildFile; fileRef = E4FDFB0E2A867B380058898E /* RegisterViewModel.swift */; };
		E4FDFB112A867B6C0058898E /* AuthService.swift in Sources */ = {isa = PBXBuildFile; fileRef = E4FDFB102A867B6C0058898E /* AuthService.swift */; };
		E4FDFB152A8699C10058898E /* ContentViewModel.swift in Sources */ = {isa = PBXBuildFile; fileRef = E4FDFB142A8699C10058898E /* ContentViewModel.swift */; };
		E4FDFB172A86A9C00058898E /* UserService.swift in Sources */ = {isa = PBXBuildFile; fileRef = E4FDFB162A86A9C00058898E /* UserService.swift */; };
		E4FDFB1B2A86AC8E0058898E /* InboxViewModel.swift in Sources */ = {isa = PBXBuildFile; fileRef = E4FDFB1A2A86AC8E0058898E /* InboxViewModel.swift */; };
/* End PBXBuildFile section */

/* Begin PBXFileReference section */
		E4474F422C7DE4A1003997F2 /* GoogleService-Info.plist */ = {isa = PBXFileReference; lastKnownFileType = text.plist; path = "GoogleService-Info.plist"; sourceTree = SOURCE_ROOT; };
		E46724BC2A8D333600CD865B /* AuthError.swift */ = {isa = PBXFileReference; lastKnownFileType = sourcecode.swift; path = AuthError.swift; sourceTree = "<group>"; };
		E46724BE2A8D344B00CD865B /* MessageInputView.swift */ = {isa = PBXFileReference; lastKnownFileType = sourcecode.swift; path = MessageInputView.swift; sourceTree = "<group>"; };
		E46724C32A8D34F200CD865B /* LinkPreviewViewModel.swift */ = {isa = PBXFileReference; lastKnownFileType = sourcecode.swift; path = LinkPreviewViewModel.swift; sourceTree = "<group>"; };
		E46724C52A8D350100CD865B /* LPLinkViewRepresented.swift */ = {isa = PBXFileReference; lastKnownFileType = sourcecode.swift; path = LPLinkViewRepresented.swift; sourceTree = "<group>"; };
		E46724C72A8D351100CD865B /* LinkPreview.swift */ = {isa = PBXFileReference; lastKnownFileType = sourcecode.swift; path = LinkPreview.swift; sourceTree = "<group>"; };
		E46724CB2A8D36C700CD865B /* PreviewProvider.swift */ = {isa = PBXFileReference; lastKnownFileType = sourcecode.swift; path = PreviewProvider.swift; sourceTree = "<group>"; };
		E46724CD2A8D36DC00CD865B /* Color.swift */ = {isa = PBXFileReference; lastKnownFileType = sourcecode.swift; path = Color.swift; sourceTree = "<group>"; };
		E46724D12A8D378C00CD865B /* ImageUploader.swift */ = {isa = PBXFileReference; lastKnownFileType = sourcecode.swift; path = ImageUploader.swift; sourceTree = "<group>"; };
		E46724D52A8D380F00CD865B /* MSGButtonModifier.swift */ = {isa = PBXFileReference; lastKnownFileType = sourcecode.swift; path = MSGButtonModifier.swift; sourceTree = "<group>"; };
		E46724D72A8D384000CD865B /* PhotosPickerHelper.swift */ = {isa = PBXFileReference; lastKnownFileType = sourcecode.swift; path = PhotosPickerHelper.swift; sourceTree = "<group>"; };
		E474D8312C825AB000FAA4DA /* Page.swift */ = {isa = PBXFileReference; lastKnownFileType = sourcecode.swift; path = Page.swift; sourceTree = "<group>"; };
		E474D8332C825B1800FAA4DA /* IntrosView.swift */ = {isa = PBXFileReference; lastKnownFileType = sourcecode.swift; path = IntrosView.swift; sourceTree = "<group>"; };
		E474D8352C825B3E00FAA4DA /* MorphingSymbolView.swift */ = {isa = PBXFileReference; lastKnownFileType = sourcecode.swift; path = MorphingSymbolView.swift; sourceTree = "<group>"; };
		E474D8382C825BE000FAA4DA /* CustomTF.swift */ = {isa = PBXFileReference; lastKnownFileType = sourcecode.swift; path = CustomTF.swift; sourceTree = "<group>"; };
		E474D83A2C825C0100FAA4DA /* SizeKey.swift */ = {isa = PBXFileReference; fileEncoding = 4; lastKnownFileType = sourcecode.swift; path = SizeKey.swift; sourceTree = "<group>"; };
		E474D83C2C825C0900FAA4DA /* OffsetKeyLogin.swift */ = {isa = PBXFileReference; fileEncoding = 4; lastKnownFileType = sourcecode.swift; path = OffsetKeyLogin.swift; sourceTree = "<group>"; };
		E474D83E2C825C5600FAA4DA /* View+Extensions.swift */ = {isa = PBXFileReference; fileEncoding = 4; lastKnownFileType = sourcecode.swift; path = "View+Extensions.swift"; sourceTree = "<group>"; };
		E474D8432C83086000FAA4DA /* ChatApp.entitlements */ = {isa = PBXFileReference; lastKnownFileType = text.plist.entitlements; path = ChatApp.entitlements; sourceTree = "<group>"; };
		E474D84E2C83999400FAA4DA /* InboxHeader.swift */ = {isa = PBXFileReference; fileEncoding = 4; lastKnownFileType = sourcecode.swift; path = InboxHeader.swift; sourceTree = "<group>"; };
		E474D8502C839A0800FAA4DA /* Extensions.swift */ = {isa = PBXFileReference; fileEncoding = 4; lastKnownFileType = sourcecode.swift; path = Extensions.swift; sourceTree = "<group>"; };
		E474D8522C839C2300FAA4DA /* PlaceholderFeedView.swift */ = {isa = PBXFileReference; fileEncoding = 4; lastKnownFileType = sourcecode.swift; path = PlaceholderFeedView.swift; sourceTree = "<group>"; };
		E474D8542C839C5100FAA4DA /* ShimmerEffect.swift */ = {isa = PBXFileReference; fileEncoding = 4; lastKnownFileType = sourcecode.swift; path = ShimmerEffect.swift; sourceTree = "<group>"; };
		E474D8562C839C6500FAA4DA /* CustomRefreshView.swift */ = {isa = PBXFileReference; fileEncoding = 4; lastKnownFileType = sourcecode.swift; path = CustomRefreshView.swift; sourceTree = "<group>"; };
		E474D8582C839C8C00FAA4DA /* ThemeChangeView.swift */ = {isa = PBXFileReference; fileEncoding = 4; lastKnownFileType = sourcecode.swift; path = ThemeChangeView.swift; sourceTree = "<group>"; };
		E474D85A2C83A2C900FAA4DA /* CustomButton.swift */ = {isa = PBXFileReference; fileEncoding = 4; lastKnownFileType = sourcecode.swift; path = CustomButton.swift; sourceTree = "<group>"; };
		E474D85E2C844EBA00FAA4DA /* InboxCell.swift */ = {isa = PBXFileReference; lastKnownFileType = sourcecode.swift; path = InboxCell.swift; sourceTree = "<group>"; };
		E4F2AE022C85EF1900FD523A /* SettingsOptions.swift */ = {isa = PBXFileReference; fileEncoding = 4; lastKnownFileType = sourcecode.swift; path = SettingsOptions.swift; sourceTree = "<group>"; };
		E4F2AE052C85EF1900FD523A /* SettingsView.swift */ = {isa = PBXFileReference; fileEncoding = 4; lastKnownFileType = sourcecode.swift; path = SettingsView.swift; sourceTree = "<group>"; };
		E4F2AE072C85EF1900FD523A /* SettingsViewModel.swift */ = {isa = PBXFileReference; fileEncoding = 4; lastKnownFileType = sourcecode.swift; path = SettingsViewModel.swift; sourceTree = "<group>"; };
		E4F2AE0F2C860B2B00FD523A /* CustomChatButton.swift */ = {isa = PBXFileReference; lastKnownFileType = sourcecode.swift; path = CustomChatButton.swift; sourceTree = "<group>"; };
		E4F3B0422A879F9C00CA37ED /* NewMessageViewModel.swift */ = {isa = PBXFileReference; lastKnownFileType = sourcecode.swift; path = NewMessageViewModel.swift; sourceTree = "<group>"; };
		E4F3B0442A87A81700CA37ED /* Message.swift */ = {isa = PBXFileReference; lastKnownFileType = sourcecode.swift; path = Message.swift; sourceTree = "<group>"; };
		E4F3B0462A87AA1300CA37ED /* MessageService.swift */ = {isa = PBXFileReference; lastKnownFileType = sourcecode.swift; path = MessageService.swift; sourceTree = "<group>"; };
		E4F3B04A2A87AEF700CA37ED /* ChatViewModel.swift */ = {isa = PBXFileReference; lastKnownFileType = sourcecode.swift; path = ChatViewModel.swift; sourceTree = "<group>"; };
		E4F3B04D2A87BE0A00CA37ED /* ChatService.swift */ = {isa = PBXFileReference; lastKnownFileType = sourcecode.swift; path = ChatService.swift; sourceTree = "<group>"; };
		E4F3B0502A87BFC000CA37ED /* Constants.swift */ = {isa = PBXFileReference; lastKnownFileType = sourcecode.swift; path = Constants.swift; sourceTree = "<group>"; };
		E4F3B0532A87C52700CA37ED /* InboxService.swift */ = {isa = PBXFileReference; lastKnownFileType = sourcecode.swift; path = InboxService.swift; sourceTree = "<group>"; };
		E4F3B0552A88109E00CA37ED /* Date.swift */ = {isa = PBXFileReference; lastKnownFileType = sourcecode.swift; path = Date.swift; sourceTree = "<group>"; };
		E4F3B0592A88155300CA37ED /* ActiveNowViewModel.swift */ = {isa = PBXFileReference; lastKnownFileType = sourcecode.swift; path = ActiveNowViewModel.swift; sourceTree = "<group>"; };
		E4F3B05C2A8819AE00CA37ED /* Route.swift */ = {isa = PBXFileReference; lastKnownFileType = sourcecode.swift; path = Route.swift; sourceTree = "<group>"; };
		E4FDFABC2A82A2C10058898E /* ChatApp.app */ = {isa = PBXFileReference; explicitFileType = wrapper.application; includeInIndex = 0; path = ChatApp.app; sourceTree = BUILT_PRODUCTS_DIR; };
		E4FDFABF2A82A2C10058898E /* ChatAppApp.swift */ = {isa = PBXFileReference; lastKnownFileType = sourcecode.swift; path = ChatAppApp.swift; sourceTree = "<group>"; };
		E4FDFAC12A82A2C10058898E /* ContentView.swift */ = {isa = PBXFileReference; lastKnownFileType = sourcecode.swift; path = ContentView.swift; sourceTree = "<group>"; };
		E4FDFAC32A82A2C20058898E /* Assets.xcassets */ = {isa = PBXFileReference; lastKnownFileType = folder.assetcatalog; path = Assets.xcassets; sourceTree = "<group>"; };
		E4FDFAC62A82A2C20058898E /* Preview Assets.xcassets */ = {isa = PBXFileReference; lastKnownFileType = folder.assetcatalog; path = "Preview Assets.xcassets"; sourceTree = "<group>"; };
		E4FDFADC2A83E8050058898E /* InboxView.swift */ = {isa = PBXFileReference; lastKnownFileType = sourcecode.swift; path = InboxView.swift; sourceTree = "<group>"; };
		E4FDFADF2A83EA0B0058898E /* ActiveNowView.swift */ = {isa = PBXFileReference; lastKnownFileType = sourcecode.swift; path = ActiveNowView.swift; sourceTree = "<group>"; };
		E4FDFAE42A83F17D0058898E /* NewMessageView.swift */ = {isa = PBXFileReference; lastKnownFileType = sourcecode.swift; path = NewMessageView.swift; sourceTree = "<group>"; };
		E4FDFAE92A83F65C0058898E /* ProfileView.swift */ = {isa = PBXFileReference; lastKnownFileType = sourcecode.swift; path = ProfileView.swift; sourceTree = "<group>"; };
		E4FDFAED2A8545FB0058898E /* ProfileViewModel.swift */ = {isa = PBXFileReference; lastKnownFileType = sourcecode.swift; path = ProfileViewModel.swift; sourceTree = "<group>"; };
		E4FDFAEF2A85493C0058898E /* User.swift */ = {isa = PBXFileReference; lastKnownFileType = sourcecode.swift; path = User.swift; sourceTree = "<group>"; };
		E4FDFAF22A854DB60058898E /* CircularProfileImageView.swift */ = {isa = PBXFileReference; lastKnownFileType = sourcecode.swift; path = CircularProfileImageView.swift; sourceTree = "<group>"; };
		E4FDFAF52A8556850058898E /* ChatView.swift */ = {isa = PBXFileReference; lastKnownFileType = sourcecode.swift; path = ChatView.swift; sourceTree = "<group>"; };
		E4FDFAF72A8559C80058898E /* ChatMessgeCell.swift */ = {isa = PBXFileReference; lastKnownFileType = sourcecode.swift; path = ChatMessgeCell.swift; sourceTree = "<group>"; };
		E4FDFAF92A855D2D0058898E /* ChatBubble.swift */ = {isa = PBXFileReference; lastKnownFileType = sourcecode.swift; path = ChatBubble.swift; sourceTree = "<group>"; };
		E4FDFB0C2A867AF90058898E /* LoginViewModel.swift */ = {isa = PBXFileReference; lastKnownFileType = sourcecode.swift; path = LoginViewModel.swift; sourceTree = "<group>"; };
		E4FDFB0E2A867B380058898E /* RegisterViewModel.swift */ = {isa = PBXFileReference; lastKnownFileType = sourcecode.swift; path = RegisterViewModel.swift; sourceTree = "<group>"; };
		E4FDFB102A867B6C0058898E /* AuthService.swift */ = {isa = PBXFileReference; lastKnownFileType = sourcecode.swift; path = AuthService.swift; sourceTree = "<group>"; };
		E4FDFB142A8699C10058898E /* ContentViewModel.swift */ = {isa = PBXFileReference; lastKnownFileType = sourcecode.swift; path = ContentViewModel.swift; sourceTree = "<group>"; };
		E4FDFB162A86A9C00058898E /* UserService.swift */ = {isa = PBXFileReference; lastKnownFileType = sourcecode.swift; path = UserService.swift; sourceTree = "<group>"; };
		E4FDFB1A2A86AC8E0058898E /* InboxViewModel.swift */ = {isa = PBXFileReference; lastKnownFileType = sourcecode.swift; path = InboxViewModel.swift; sourceTree = "<group>"; };
/* End PBXFileReference section */

/* Begin PBXFrameworksBuildPhase section */
		E4FDFAB92A82A2C10058898E /* Frameworks */ = {
			isa = PBXFrameworksBuildPhase;
			buildActionMask = 2147483647;
			files = (
				E474D8462C830AE900FAA4DA /* FirebaseMessaging in Frameworks */,
				E474D8492C8397C600FAA4DA /* SwiftfulRouting in Frameworks */,
				E474D8422C8269F100FAA4DA /* SDWebImageSwiftUI in Frameworks */,
				E4FDFB012A86790D0058898E /* FirebaseAuth in Frameworks */,
				E474D84C2C8397E300FAA4DA /* SwiftfulUI in Frameworks */,
				E4FDFB072A86790D0058898E /* FirebaseStorage in Frameworks */,
				E4FDFB032A86790D0058898E /* FirebaseFirestore in Frameworks */,
				E4FDFB052A86790D0058898E /* FirebaseFirestoreSwift in Frameworks */,
			);
			runOnlyForDeploymentPostprocessing = 0;
		};
/* End PBXFrameworksBuildPhase section */

/* Begin PBXGroup section */
		E46724BB2A8D332200CD865B /* Model */ = {
			isa = PBXGroup;
			children = (
				E46724BC2A8D333600CD865B /* AuthError.swift */,
				E474D8312C825AB000FAA4DA /* Page.swift */,
			);
			path = Model;
			sourceTree = "<group>";
		};
		E46724C02A8D34BB00CD865B /* LinkPreviews */ = {
			isa = PBXGroup;
			children = (
				E46724C22A8D34DA00CD865B /* View */,
				E46724C12A8D34D000CD865B /* ViewModel */,
			);
			path = LinkPreviews;
			sourceTree = "<group>";
		};
		E46724C12A8D34D000CD865B /* ViewModel */ = {
			isa = PBXGroup;
			children = (
				E46724C32A8D34F200CD865B /* LinkPreviewViewModel.swift */,
			);
			path = ViewModel;
			sourceTree = "<group>";
		};
		E46724C22A8D34DA00CD865B /* View */ = {
			isa = PBXGroup;
			children = (
				E46724C72A8D351100CD865B /* LinkPreview.swift */,
				E46724C52A8D350100CD865B /* LPLinkViewRepresented.swift */,
			);
			path = View;
			sourceTree = "<group>";
		};
		E474D8372C825BD100FAA4DA /* Components */ = {
			isa = PBXGroup;
			children = (
				E474D83A2C825C0100FAA4DA /* SizeKey.swift */,
				E474D83C2C825C0900FAA4DA /* OffsetKeyLogin.swift */,
				E474D8382C825BE000FAA4DA /* CustomTF.swift */,
			);
			path = Components;
			sourceTree = "<group>";
		};
		E474D8442C830AE900FAA4DA /* Frameworks */ = {
			isa = PBXGroup;
			children = (
			);
			name = Frameworks;
			sourceTree = "<group>";
		};
		E474D84D2C83996F00FAA4DA /* Components */ = {
			isa = PBXGroup;
			children = (
				E474D8522C839C2300FAA4DA /* PlaceholderFeedView.swift */,
				E474D84E2C83999400FAA4DA /* InboxHeader.swift */,
				E474D85E2C844EBA00FAA4DA /* InboxCell.swift */,
			);
			path = Components;
			sourceTree = "<group>";
		};
		E4F2AE032C85EF1900FD523A /* Model */ = {
			isa = PBXGroup;
			children = (
				E4F2AE022C85EF1900FD523A /* SettingsOptions.swift */,
			);
			path = Model;
			sourceTree = "<group>";
		};
		E4F2AE062C85EF1900FD523A /* View */ = {
			isa = PBXGroup;
			children = (
				E4F2AE052C85EF1900FD523A /* SettingsView.swift */,
			);
			path = View;
			sourceTree = "<group>";
		};
		E4F2AE082C85EF1900FD523A /* ViewModel */ = {
			isa = PBXGroup;
			children = (
				E4F2AE072C85EF1900FD523A /* SettingsViewModel.swift */,
			);
			path = ViewModel;
			sourceTree = "<group>";
		};
		E4F2AE092C85EF1900FD523A /* Settings */ = {
			isa = PBXGroup;
			children = (
				E4F2AE0E2C860B0A00FD523A /* Components */,
				E4F2AE032C85EF1900FD523A /* Model */,
				E4F2AE082C85EF1900FD523A /* ViewModel */,
				E4F2AE062C85EF1900FD523A /* View */,
			);
			path = Settings;
			sourceTree = "<group>";
		};
		E4F2AE0E2C860B0A00FD523A /* Components */ = {
			isa = PBXGroup;
			children = (
			);
			path = Components;
			sourceTree = "<group>";
		};
		E4F3B0402A879F5700CA37ED /* Views */ = {
			isa = PBXGroup;
			children = (
				E4FDFAE42A83F17D0058898E /* NewMessageView.swift */,
			);
			path = Views;
			sourceTree = "<group>";
		};
		E4F3B0412A879F6500CA37ED /* ViewModel */ = {
			isa = PBXGroup;
			children = (
				E4F3B0422A879F9C00CA37ED /* NewMessageViewModel.swift */,
			);
			path = ViewModel;
			sourceTree = "<group>";
		};
		E4F3B0482A87AE8100CA37ED /* View */ = {
			isa = PBXGroup;
			children = (
				E4FDFAF92A855D2D0058898E /* ChatBubble.swift */,
				E4FDFAF72A8559C80058898E /* ChatMessgeCell.swift */,
				E4FDFAF52A8556850058898E /* ChatView.swift */,
				E46724BE2A8D344B00CD865B /* MessageInputView.swift */,
				E4F2AE0F2C860B2B00FD523A /* CustomChatButton.swift */,
			);
			path = View;
			sourceTree = "<group>";
		};
		E4F3B0492A87AE8F00CA37ED /* ViewModel */ = {
			isa = PBXGroup;
			children = (
				E4F3B04A2A87AEF700CA37ED /* ChatViewModel.swift */,
			);
			path = ViewModel;
			sourceTree = "<group>";
		};
		E4F3B04C2A87BDF600CA37ED /* Service */ = {
			isa = PBXGroup;
			children = (
				E4F3B04D2A87BE0A00CA37ED /* ChatService.swift */,
			);
			path = Service;
			sourceTree = "<group>";
		};
		E4F3B04F2A87BF6500CA37ED /* Utilits */ = {
			isa = PBXGroup;
			children = (
				E4F3B0502A87BFC000CA37ED /* Constants.swift */,
				E46724D52A8D380F00CD865B /* MSGButtonModifier.swift */,
				E46724D72A8D384000CD865B /* PhotosPickerHelper.swift */,
			);
			path = Utilits;
			sourceTree = "<group>";
		};
		E4F3B0522A87C4EF00CA37ED /* Service */ = {
			isa = PBXGroup;
			children = (
				E4F3B0532A87C52700CA37ED /* InboxService.swift */,
			);
			path = Service;
			sourceTree = "<group>";
		};
		E4F3B0572A88151A00CA37ED /* View */ = {
			isa = PBXGroup;
			children = (
				E4FDFADF2A83EA0B0058898E /* ActiveNowView.swift */,
			);
			path = View;
			sourceTree = "<group>";
		};
		E4F3B0582A88152600CA37ED /* ViewModel */ = {
			isa = PBXGroup;
			children = (
				E4F3B0592A88155300CA37ED /* ActiveNowViewModel.swift */,
			);
			path = ViewModel;
			sourceTree = "<group>";
		};
		E4F3B05B2A88198F00CA37ED /* Routing */ = {
			isa = PBXGroup;
			children = (
				E4F3B05C2A8819AE00CA37ED /* Route.swift */,
			);
			path = Routing;
			sourceTree = "<group>";
		};
		E4FDFAB32A82A2C10058898E = {
			isa = PBXGroup;
			children = (
				E4FDFABE2A82A2C10058898E /* ChatApp */,
				E4FDFABD2A82A2C10058898E /* Products */,
				E474D8442C830AE900FAA4DA /* Frameworks */,
			);
			sourceTree = "<group>";
		};
		E4FDFABD2A82A2C10058898E /* Products */ = {
			isa = PBXGroup;
			children = (
				E4FDFABC2A82A2C10058898E /* ChatApp.app */,
			);
			name = Products;
			sourceTree = "<group>";
		};
		E4FDFABE2A82A2C10058898E /* ChatApp */ = {
			isa = PBXGroup;
			children = (
				E474D8432C83086000FAA4DA /* ChatApp.entitlements */,
				E4FDFAD62A82A5540058898E /* App */,
				E4FDFAD52A82A5500058898E /* Core */,
				E4FDFAD22A82A5470058898E /* Extensions */,
				E4FDFAD42A82A54D0058898E /* Model */,
				E4F3B05B2A88198F00CA37ED /* Routing */,
				E4FDFAD32A82A54A0058898E /* Service */,
				E4F3B04F2A87BF6500CA37ED /* Utilits */,
				E4FDFAC32A82A2C20058898E /* Assets.xcassets */,
				E4474F422C7DE4A1003997F2 /* GoogleService-Info.plist */,
				E4FDFAC52A82A2C20058898E /* Preview Content */,
			);
			path = ChatApp;
			sourceTree = "<group>";
		};
		E4FDFAC52A82A2C20058898E /* Preview Content */ = {
			isa = PBXGroup;
			children = (
				E46724CB2A8D36C700CD865B /* PreviewProvider.swift */,
				E4FDFAC62A82A2C20058898E /* Preview Assets.xcassets */,
			);
			path = "Preview Content";
			sourceTree = "<group>";
		};
		E4FDFACF2A82A53D0058898E /* View */ = {
			isa = PBXGroup;
			children = (
				E474D8332C825B1800FAA4DA /* IntrosView.swift */,
			);
			path = View;
			sourceTree = "<group>";
		};
		E4FDFAD02A82A5410058898E /* Auth */ = {
			isa = PBXGroup;
			children = (
				E474D8372C825BD100FAA4DA /* Components */,
				E46724BB2A8D332200CD865B /* Model */,
				E4FDFB0B2A867AC40058898E /* Service */,
				E4FDFB0A2A867AC00058898E /* ViewModel */,
				E4FDFACF2A82A53D0058898E /* View */,
			);
			path = Auth;
			sourceTree = "<group>";
		};
		E4FDFAD12A82A5440058898E /* Root */ = {
			isa = PBXGroup;
			children = (
				E4FDFB122A86998D0058898E /* View */,
				E4FDFB132A8699970058898E /* ViewModel */,
			);
			path = Root;
			sourceTree = "<group>";
		};
		E4FDFAD22A82A5470058898E /* Extensions */ = {
			isa = PBXGroup;
			children = (
				E4FDFAF22A854DB60058898E /* CircularProfileImageView.swift */,
				E474D85A2C83A2C900FAA4DA /* CustomButton.swift */,
				E46724CD2A8D36DC00CD865B /* Color.swift */,
				E474D8562C839C6500FAA4DA /* CustomRefreshView.swift */,
				E4F3B0552A88109E00CA37ED /* Date.swift */,
				E474D8502C839A0800FAA4DA /* Extensions.swift */,
				E474D8352C825B3E00FAA4DA /* MorphingSymbolView.swift */,
				E474D8542C839C5100FAA4DA /* ShimmerEffect.swift */,
				E474D8582C839C8C00FAA4DA /* ThemeChangeView.swift */,
				E474D83E2C825C5600FAA4DA /* View+Extensions.swift */,
			);
			path = Extensions;
			sourceTree = "<group>";
		};
		E4FDFAD32A82A54A0058898E /* Service */ = {
			isa = PBXGroup;
			children = (
				E46724D12A8D378C00CD865B /* ImageUploader.swift */,
				E4F3B0462A87AA1300CA37ED /* MessageService.swift */,
				E4FDFB162A86A9C00058898E /* UserService.swift */,
			);
			path = Service;
			sourceTree = "<group>";
		};
		E4FDFAD42A82A54D0058898E /* Model */ = {
			isa = PBXGroup;
			children = (
				E4F3B0442A87A81700CA37ED /* Message.swift */,
				E4FDFAEF2A85493C0058898E /* User.swift */,
			);
			path = Model;
			sourceTree = "<group>";
		};
		E4FDFAD52A82A5500058898E /* Core */ = {
			isa = PBXGroup;
			children = (
				E4FDFADE2A83E9F50058898E /* ActiveNow */,
				E4FDFAD02A82A5410058898E /* Auth */,
				E4FDFAF42A8551120058898E /* Chat */,
				E4FDFAF12A854D450058898E /* Components */,
				E4FDFADB2A83E7E80058898E /* Inbox */,
				E4FDFAE32A83F1150058898E /* NewMessage */,
				E4F2AE092C85EF1900FD523A /* Settings */,
				E4FDFAE62A83F5F60058898E /* Profile */,
				E4FDFAD12A82A5440058898E /* Root */,
			);
			path = Core;
			sourceTree = "<group>";
		};
		E4FDFAD62A82A5540058898E /* App */ = {
			isa = PBXGroup;
			children = (
				E4FDFABF2A82A2C10058898E /* ChatAppApp.swift */,
			);
			path = App;
			sourceTree = "<group>";
		};
		E4FDFADB2A83E7E80058898E /* Inbox */ = {
			isa = PBXGroup;
			children = (
				E474D84D2C83996F00FAA4DA /* Components */,
				E4F3B0522A87C4EF00CA37ED /* Service */,
				E4FDFB192A86AC460058898E /* ViewModel */,
				E4FDFB182A86AC430058898E /* Views */,
			);
			path = Inbox;
			sourceTree = "<group>";
		};
		E4FDFADE2A83E9F50058898E /* ActiveNow */ = {
			isa = PBXGroup;
			children = (
				E4F3B0572A88151A00CA37ED /* View */,
				E4F3B0582A88152600CA37ED /* ViewModel */,
			);
			path = ActiveNow;
			sourceTree = "<group>";
		};
		E4FDFAE32A83F1150058898E /* NewMessage */ = {
			isa = PBXGroup;
			children = (
				E4F3B0402A879F5700CA37ED /* Views */,
				E4F3B0412A879F6500CA37ED /* ViewModel */,
			);
			path = NewMessage;
			sourceTree = "<group>";
		};
		E4FDFAE62A83F5F60058898E /* Profile */ = {
			isa = PBXGroup;
			children = (
				E4FDFAE82A83F62B0058898E /* ViewModel */,
				E4FDFAE72A83F61F0058898E /* View */,
			);
			path = Profile;
			sourceTree = "<group>";
		};
		E4FDFAE72A83F61F0058898E /* View */ = {
			isa = PBXGroup;
			children = (
				E4FDFAE92A83F65C0058898E /* ProfileView.swift */,
			);
			path = View;
			sourceTree = "<group>";
		};
		E4FDFAE82A83F62B0058898E /* ViewModel */ = {
			isa = PBXGroup;
			children = (
				E4FDFAED2A8545FB0058898E /* ProfileViewModel.swift */,
			);
			path = ViewModel;
			sourceTree = "<group>";
		};
		E4FDFAF12A854D450058898E /* Components */ = {
			isa = PBXGroup;
			children = (
				E46724C02A8D34BB00CD865B /* LinkPreviews */,
			);
			path = Components;
			sourceTree = "<group>";
		};
		E4FDFAF42A8551120058898E /* Chat */ = {
			isa = PBXGroup;
			children = (
				E4F3B04C2A87BDF600CA37ED /* Service */,
				E4F3B0482A87AE8100CA37ED /* View */,
				E4F3B0492A87AE8F00CA37ED /* ViewModel */,
			);
			path = Chat;
			sourceTree = "<group>";
		};
		E4FDFB0A2A867AC00058898E /* ViewModel */ = {
			isa = PBXGroup;
			children = (
				E4FDFB0C2A867AF90058898E /* LoginViewModel.swift */,
				E4FDFB0E2A867B380058898E /* RegisterViewModel.swift */,
			);
			path = ViewModel;
			sourceTree = "<group>";
		};
		E4FDFB0B2A867AC40058898E /* Service */ = {
			isa = PBXGroup;
			children = (
				E4FDFB102A867B6C0058898E /* AuthService.swift */,
			);
			path = Service;
			sourceTree = "<group>";
		};
		E4FDFB122A86998D0058898E /* View */ = {
			isa = PBXGroup;
			children = (
				E4FDFAC12A82A2C10058898E /* ContentView.swift */,
			);
			path = View;
			sourceTree = "<group>";
		};
		E4FDFB132A8699970058898E /* ViewModel */ = {
			isa = PBXGroup;
			children = (
				E4FDFB142A8699C10058898E /* ContentViewModel.swift */,
			);
			path = ViewModel;
			sourceTree = "<group>";
		};
		E4FDFB182A86AC430058898E /* Views */ = {
			isa = PBXGroup;
			children = (
				E4FDFADC2A83E8050058898E /* InboxView.swift */,
			);
			path = Views;
			sourceTree = "<group>";
		};
		E4FDFB192A86AC460058898E /* ViewModel */ = {
			isa = PBXGroup;
			children = (
				E4FDFB1A2A86AC8E0058898E /* InboxViewModel.swift */,
			);
			path = ViewModel;
			sourceTree = "<group>";
		};
/* End PBXGroup section */

/* Begin PBXNativeTarget section */
		E4FDFABB2A82A2C10058898E /* ChatApp */ = {
			isa = PBXNativeTarget;
			buildConfigurationList = E4FDFACA2A82A2C20058898E /* Build configuration list for PBXNativeTarget "ChatApp" */;
			buildPhases = (
				E4FDFAB82A82A2C10058898E /* Sources */,
				E4FDFAB92A82A2C10058898E /* Frameworks */,
				E4FDFABA2A82A2C10058898E /* Resources */,
			);
			buildRules = (
			);
			dependencies = (
			);
			name = ChatApp;
			packageProductDependencies = (
				E4FDFB002A86790D0058898E /* FirebaseAuth */,
				E4FDFB022A86790D0058898E /* FirebaseFirestore */,
				E4FDFB042A86790D0058898E /* FirebaseFirestoreSwift */,
				E4FDFB062A86790D0058898E /* FirebaseStorage */,
				E474D8412C8269F100FAA4DA /* SDWebImageSwiftUI */,
				E474D8452C830AE900FAA4DA /* FirebaseMessaging */,
				E474D8482C8397C600FAA4DA /* SwiftfulRouting */,
				E474D84B2C8397E300FAA4DA /* SwiftfulUI */,
			);
			productName = ChatApp;
			productReference = E4FDFABC2A82A2C10058898E /* ChatApp.app */;
			productType = "com.apple.product-type.application";
		};
/* End PBXNativeTarget section */

/* Begin PBXProject section */
		E4FDFAB42A82A2C10058898E /* Project object */ = {
			isa = PBXProject;
			attributes = {
				BuildIndependentTargetsInParallel = 1;
				LastSwiftUpdateCheck = 1430;
				LastUpgradeCheck = 1430;
				TargetAttributes = {
					E4FDFABB2A82A2C10058898E = {
						CreatedOnToolsVersion = 14.3.1;
					};
				};
			};
			buildConfigurationList = E4FDFAB72A82A2C10058898E /* Build configuration list for PBXProject "ChatApp" */;
			compatibilityVersion = "Xcode 14.0";
			developmentRegion = en;
			hasScannedForEncodings = 0;
			knownRegions = (
				en,
				Base,
			);
			mainGroup = E4FDFAB32A82A2C10058898E;
			packageReferences = (
				E4FDFAFF2A86790D0058898E /* XCRemoteSwiftPackageReference "firebase-ios-sdk" */,
				E474D8402C8269F100FAA4DA /* XCRemoteSwiftPackageReference "SDWebImageSwiftUI" */,
				E474D8472C8397C600FAA4DA /* XCRemoteSwiftPackageReference "SwiftfulRouting" */,
				E474D84A2C8397E300FAA4DA /* XCRemoteSwiftPackageReference "SwiftfulUI" */,
			);
			productRefGroup = E4FDFABD2A82A2C10058898E /* Products */;
			projectDirPath = "";
			projectRoot = "";
			targets = (
				E4FDFABB2A82A2C10058898E /* ChatApp */,
			);
		};
/* End PBXProject section */

/* Begin PBXResourcesBuildPhase section */
		E4FDFABA2A82A2C10058898E /* Resources */ = {
			isa = PBXResourcesBuildPhase;
			buildActionMask = 2147483647;
			files = (
				E4FDFAC72A82A2C20058898E /* Preview Assets.xcassets in Resources */,
				E4FDFAC42A82A2C20058898E /* Assets.xcassets in Resources */,
				E4474F432C7DE4A1003997F2 /* GoogleService-Info.plist in Resources */,
			);
			runOnlyForDeploymentPostprocessing = 0;
		};
/* End PBXResourcesBuildPhase section */

/* Begin PBXSourcesBuildPhase section */
		E4FDFAB82A82A2C10058898E /* Sources */ = {
			isa = PBXSourcesBuildPhase;
			buildActionMask = 2147483647;
			files = (
				E4F3B04B2A87AEF700CA37ED /* ChatViewModel.swift in Sources */,
				E4F3B0562A88109E00CA37ED /* Date.swift in Sources */,
				E474D83B2C825C0100FAA4DA /* SizeKey.swift in Sources */,
				E46724C82A8D351100CD865B /* LinkPreview.swift in Sources */,
				E4F2AE102C860B2B00FD523A /* CustomChatButton.swift in Sources */,
				E4FDFB1B2A86AC8E0058898E /* InboxViewModel.swift in Sources */,
				E4FDFAEA2A83F65C0058898E /* ProfileView.swift in Sources */,
				E4FDFAE52A83F17D0058898E /* NewMessageView.swift in Sources */,
				E474D8362C825B3E00FAA4DA /* MorphingSymbolView.swift in Sources */,
				E4FDFB152A8699C10058898E /* ContentViewModel.swift in Sources */,
				E474D8392C825BE000FAA4DA /* CustomTF.swift in Sources */,
				E4FDFAF82A8559C80058898E /* ChatMessgeCell.swift in Sources */,
				E4FDFAF62A8556850058898E /* ChatView.swift in Sources */,
				E474D8342C825B1800FAA4DA /* IntrosView.swift in Sources */,
				E46724C62A8D350100CD865B /* LPLinkViewRepresented.swift in Sources */,
				E46724CE2A8D36DC00CD865B /* Color.swift in Sources */,
				E474D8322C825AB000FAA4DA /* Page.swift in Sources */,
				E4FDFB112A867B6C0058898E /* AuthService.swift in Sources */,
				E4F2AE0C2C85EF1900FD523A /* SettingsView.swift in Sources */,
				E4F3B0542A87C52700CA37ED /* InboxService.swift in Sources */,
				E474D8552C839C5100FAA4DA /* ShimmerEffect.swift in Sources */,
				E4F3B0512A87BFC000CA37ED /* Constants.swift in Sources */,
				E4FDFB0F2A867B380058898E /* RegisterViewModel.swift in Sources */,
				E4FDFAFA2A855D2D0058898E /* ChatBubble.swift in Sources */,
				E4FDFAF32A854DB60058898E /* CircularProfileImageView.swift in Sources */,
				E4F3B04E2A87BE0A00CA37ED /* ChatService.swift in Sources */,
				E46724BF2A8D344B00CD865B /* MessageInputView.swift in Sources */,
				E474D84F2C83999400FAA4DA /* InboxHeader.swift in Sources */,
				E474D83D2C825C0900FAA4DA /* OffsetKeyLogin.swift in Sources */,
				E4FDFADD2A83E8050058898E /* InboxView.swift in Sources */,
				E4FDFB0D2A867AF90058898E /* LoginViewModel.swift in Sources */,
				E4F3B0432A879F9C00CA37ED /* NewMessageViewModel.swift in Sources */,
				E46724CC2A8D36C700CD865B /* PreviewProvider.swift in Sources */,
				E4F3B05D2A8819AE00CA37ED /* Route.swift in Sources */,
				E46724C42A8D34F200CD865B /* LinkPreviewViewModel.swift in Sources */,
				E4FDFB172A86A9C00058898E /* UserService.swift in Sources */,
				E474D83F2C825C5600FAA4DA /* View+Extensions.swift in Sources */,
				E4FDFAE02A83EA0B0058898E /* ActiveNowView.swift in Sources */,
				E4FDFAEE2A8545FB0058898E /* ProfileViewModel.swift in Sources */,
				E4FDFAF02A85493C0058898E /* User.swift in Sources */,
				E4F3B0472A87AA1300CA37ED /* MessageService.swift in Sources */,
				E4FDFAC22A82A2C10058898E /* ContentView.swift in Sources */,
				E474D85B2C83A2C900FAA4DA /* CustomButton.swift in Sources */,
				E474D8592C839C8C00FAA4DA /* ThemeChangeView.swift in Sources */,
				E4F2AE0D2C85EF1900FD523A /* SettingsViewModel.swift in Sources */,
				E46724D22A8D378C00CD865B /* ImageUploader.swift in Sources */,
				E4F2AE0A2C85EF1900FD523A /* SettingsOptions.swift in Sources */,
				E46724D62A8D380F00CD865B /* MSGButtonModifier.swift in Sources */,
				E4F3B05A2A88155300CA37ED /* ActiveNowViewModel.swift in Sources */,
				E4F3B0452A87A81700CA37ED /* Message.swift in Sources */,
				E474D8512C839A0800FAA4DA /* Extensions.swift in Sources */,
				E474D85F2C844EBA00FAA4DA /* InboxCell.swift in Sources */,
				E474D8572C839C6500FAA4DA /* CustomRefreshView.swift in Sources */,
				E46724D82A8D384000CD865B /* PhotosPickerHelper.swift in Sources */,
				E46724BD2A8D333600CD865B /* AuthError.swift in Sources */,
				E474D8532C839C2300FAA4DA /* PlaceholderFeedView.swift in Sources */,
				E4FDFAC02A82A2C10058898E /* ChatAppApp.swift in Sources */,
			);
			runOnlyForDeploymentPostprocessing = 0;
		};
/* End PBXSourcesBuildPhase section */

/* Begin XCBuildConfiguration section */
		E4FDFAC82A82A2C20058898E /* Debug */ = {
			isa = XCBuildConfiguration;
			buildSettings = {
				ALWAYS_SEARCH_USER_PATHS = NO;
				CLANG_ANALYZER_NONNULL = YES;
				CLANG_ANALYZER_NUMBER_OBJECT_CONVERSION = YES_AGGRESSIVE;
				CLANG_CXX_LANGUAGE_STANDARD = "gnu++20";
				CLANG_ENABLE_MODULES = YES;
				CLANG_ENABLE_OBJC_ARC = YES;
				CLANG_ENABLE_OBJC_WEAK = YES;
				CLANG_WARN_BLOCK_CAPTURE_AUTORELEASING = YES;
				CLANG_WARN_BOOL_CONVERSION = YES;
				CLANG_WARN_COMMA = YES;
				CLANG_WARN_CONSTANT_CONVERSION = YES;
				CLANG_WARN_DEPRECATED_OBJC_IMPLEMENTATIONS = YES;
				CLANG_WARN_DIRECT_OBJC_ISA_USAGE = YES_ERROR;
				CLANG_WARN_DOCUMENTATION_COMMENTS = YES;
				CLANG_WARN_EMPTY_BODY = YES;
				CLANG_WARN_ENUM_CONVERSION = YES;
				CLANG_WARN_INFINITE_RECURSION = YES;
				CLANG_WARN_INT_CONVERSION = YES;
				CLANG_WARN_NON_LITERAL_NULL_CONVERSION = YES;
				CLANG_WARN_OBJC_IMPLICIT_RETAIN_SELF = YES;
				CLANG_WARN_OBJC_LITERAL_CONVERSION = YES;
				CLANG_WARN_OBJC_ROOT_CLASS = YES_ERROR;
				CLANG_WARN_QUOTED_INCLUDE_IN_FRAMEWORK_HEADER = YES;
				CLANG_WARN_RANGE_LOOP_ANALYSIS = YES;
				CLANG_WARN_STRICT_PROTOTYPES = YES;
				CLANG_WARN_SUSPICIOUS_MOVE = YES;
				CLANG_WARN_UNGUARDED_AVAILABILITY = YES_AGGRESSIVE;
				CLANG_WARN_UNREACHABLE_CODE = YES;
				CLANG_WARN__DUPLICATE_METHOD_MATCH = YES;
				COPY_PHASE_STRIP = NO;
				DEBUG_INFORMATION_FORMAT = dwarf;
				ENABLE_STRICT_OBJC_MSGSEND = YES;
				ENABLE_TESTABILITY = YES;
				GCC_C_LANGUAGE_STANDARD = gnu11;
				GCC_DYNAMIC_NO_PIC = NO;
				GCC_NO_COMMON_BLOCKS = YES;
				GCC_OPTIMIZATION_LEVEL = 0;
				GCC_PREPROCESSOR_DEFINITIONS = (
					"DEBUG=1",
					"$(inherited)",
				);
				GCC_WARN_64_TO_32_BIT_CONVERSION = YES;
				GCC_WARN_ABOUT_RETURN_TYPE = YES_ERROR;
				GCC_WARN_UNDECLARED_SELECTOR = YES;
				GCC_WARN_UNINITIALIZED_AUTOS = YES_AGGRESSIVE;
				GCC_WARN_UNUSED_FUNCTION = YES;
				GCC_WARN_UNUSED_VARIABLE = YES;
				IPHONEOS_DEPLOYMENT_TARGET = 16.4;
				MTL_ENABLE_DEBUG_INFO = INCLUDE_SOURCE;
				MTL_FAST_MATH = YES;
				ONLY_ACTIVE_ARCH = YES;
				SDKROOT = iphoneos;
				SWIFT_ACTIVE_COMPILATION_CONDITIONS = DEBUG;
				SWIFT_OPTIMIZATION_LEVEL = "-Onone";
			};
			name = Debug;
		};
		E4FDFAC92A82A2C20058898E /* Release */ = {
			isa = XCBuildConfiguration;
			buildSettings = {
				ALWAYS_SEARCH_USER_PATHS = NO;
				CLANG_ANALYZER_NONNULL = YES;
				CLANG_ANALYZER_NUMBER_OBJECT_CONVERSION = YES_AGGRESSIVE;
				CLANG_CXX_LANGUAGE_STANDARD = "gnu++20";
				CLANG_ENABLE_MODULES = YES;
				CLANG_ENABLE_OBJC_ARC = YES;
				CLANG_ENABLE_OBJC_WEAK = YES;
				CLANG_WARN_BLOCK_CAPTURE_AUTORELEASING = YES;
				CLANG_WARN_BOOL_CONVERSION = YES;
				CLANG_WARN_COMMA = YES;
				CLANG_WARN_CONSTANT_CONVERSION = YES;
				CLANG_WARN_DEPRECATED_OBJC_IMPLEMENTATIONS = YES;
				CLANG_WARN_DIRECT_OBJC_ISA_USAGE = YES_ERROR;
				CLANG_WARN_DOCUMENTATION_COMMENTS = YES;
				CLANG_WARN_EMPTY_BODY = YES;
				CLANG_WARN_ENUM_CONVERSION = YES;
				CLANG_WARN_INFINITE_RECURSION = YES;
				CLANG_WARN_INT_CONVERSION = YES;
				CLANG_WARN_NON_LITERAL_NULL_CONVERSION = YES;
				CLANG_WARN_OBJC_IMPLICIT_RETAIN_SELF = YES;
				CLANG_WARN_OBJC_LITERAL_CONVERSION = YES;
				CLANG_WARN_OBJC_ROOT_CLASS = YES_ERROR;
				CLANG_WARN_QUOTED_INCLUDE_IN_FRAMEWORK_HEADER = YES;
				CLANG_WARN_RANGE_LOOP_ANALYSIS = YES;
				CLANG_WARN_STRICT_PROTOTYPES = YES;
				CLANG_WARN_SUSPICIOUS_MOVE = YES;
				CLANG_WARN_UNGUARDED_AVAILABILITY = YES_AGGRESSIVE;
				CLANG_WARN_UNREACHABLE_CODE = YES;
				CLANG_WARN__DUPLICATE_METHOD_MATCH = YES;
				COPY_PHASE_STRIP = NO;
				DEBUG_INFORMATION_FORMAT = "dwarf-with-dsym";
				ENABLE_NS_ASSERTIONS = NO;
				ENABLE_STRICT_OBJC_MSGSEND = YES;
				GCC_C_LANGUAGE_STANDARD = gnu11;
				GCC_NO_COMMON_BLOCKS = YES;
				GCC_WARN_64_TO_32_BIT_CONVERSION = YES;
				GCC_WARN_ABOUT_RETURN_TYPE = YES_ERROR;
				GCC_WARN_UNDECLARED_SELECTOR = YES;
				GCC_WARN_UNINITIALIZED_AUTOS = YES_AGGRESSIVE;
				GCC_WARN_UNUSED_FUNCTION = YES;
				GCC_WARN_UNUSED_VARIABLE = YES;
				IPHONEOS_DEPLOYMENT_TARGET = 16.4;
				MTL_ENABLE_DEBUG_INFO = NO;
				MTL_FAST_MATH = YES;
				SDKROOT = iphoneos;
				SWIFT_COMPILATION_MODE = wholemodule;
				SWIFT_OPTIMIZATION_LEVEL = "-O";
				VALIDATE_PRODUCT = YES;
			};
			name = Release;
		};
		E4FDFACB2A82A2C20058898E /* Debug */ = {
			isa = XCBuildConfiguration;
			buildSettings = {
				ASSETCATALOG_COMPILER_APPICON_NAME = AppIcon;
				ASSETCATALOG_COMPILER_GLOBAL_ACCENT_COLOR_NAME = AccentColor;
				CODE_SIGN_ENTITLEMENTS = ChatApp/ChatApp.entitlements;
				CODE_SIGN_STYLE = Automatic;
				CURRENT_PROJECT_VERSION = 1;
				DEVELOPMENT_ASSET_PATHS = "\"ChatApp/Preview Content\"";
				DEVELOPMENT_TEAM = 62UE764E85;
				ENABLE_PREVIEWS = YES;
				GENERATE_INFOPLIST_FILE = YES;
				INFOPLIST_KEY_CFBundleDisplayName = chatMan;
				INFOPLIST_KEY_LSApplicationCategoryType = "public.app-category.social-networking";
				INFOPLIST_KEY_UIApplicationSceneManifest_Generation = YES;
				INFOPLIST_KEY_UIApplicationSupportsIndirectInputEvents = YES;
				INFOPLIST_KEY_UILaunchScreen_Generation = YES;
				INFOPLIST_KEY_UISupportedInterfaceOrientations = UIInterfaceOrientationPortrait;
				INFOPLIST_KEY_UISupportedInterfaceOrientations_iPad = "UIInterfaceOrientationLandscapeLeft UIInterfaceOrientationLandscapeRight UIInterfaceOrientationPortrait UIInterfaceOrientationPortraitUpsideDown";
				IPHONEOS_DEPLOYMENT_TARGET = 17.0;
				LD_RUNPATH_SEARCH_PATHS = (
					"$(inherited)",
					"@executable_path/Frameworks",
				);
				MARKETING_VERSION = 1.0;
				PRODUCT_BUNDLE_IDENTIFIER = com.benjiloya.ChatMessage;
				PRODUCT_NAME = "$(TARGET_NAME)";
				SUPPORTED_PLATFORMS = "iphoneos iphonesimulator";
				SUPPORTS_MACCATALYST = NO;
				SUPPORTS_MAC_DESIGNED_FOR_IPHONE_IPAD = NO;
				SWIFT_EMIT_LOC_STRINGS = YES;
				SWIFT_VERSION = 5.0;
				TARGETED_DEVICE_FAMILY = 1;
			};
			name = Debug;
		};
		E4FDFACC2A82A2C20058898E /* Release */ = {
			isa = XCBuildConfiguration;
			buildSettings = {
				ASSETCATALOG_COMPILER_APPICON_NAME = AppIcon;
				ASSETCATALOG_COMPILER_GLOBAL_ACCENT_COLOR_NAME = AccentColor;
				CODE_SIGN_ENTITLEMENTS = ChatApp/ChatApp.entitlements;
				CODE_SIGN_STYLE = Automatic;
				CURRENT_PROJECT_VERSION = 1;
				DEVELOPMENT_ASSET_PATHS = "\"ChatApp/Preview Content\"";
				DEVELOPMENT_TEAM = 62UE764E85;
				ENABLE_PREVIEWS = YES;
				GENERATE_INFOPLIST_FILE = YES;
				INFOPLIST_KEY_CFBundleDisplayName = chatMan;
				INFOPLIST_KEY_LSApplicationCategoryType = "public.app-category.social-networking";
				INFOPLIST_KEY_UIApplicationSceneManifest_Generation = YES;
				INFOPLIST_KEY_UIApplicationSupportsIndirectInputEvents = YES;
				INFOPLIST_KEY_UILaunchScreen_Generation = YES;
				INFOPLIST_KEY_UISupportedInterfaceOrientations = UIInterfaceOrientationPortrait;
				INFOPLIST_KEY_UISupportedInterfaceOrientations_iPad = "UIInterfaceOrientationLandscapeLeft UIInterfaceOrientationLandscapeRight UIInterfaceOrientationPortrait UIInterfaceOrientationPortraitUpsideDown";
				IPHONEOS_DEPLOYMENT_TARGET = 17.0;
				LD_RUNPATH_SEARCH_PATHS = (
					"$(inherited)",
					"@executable_path/Frameworks",
				);
				MARKETING_VERSION = 1.0;
				PRODUCT_BUNDLE_IDENTIFIER = com.benjiloya.ChatMessage;
				PRODUCT_NAME = "$(TARGET_NAME)";
				SUPPORTED_PLATFORMS = "iphoneos iphonesimulator";
				SUPPORTS_MACCATALYST = NO;
				SUPPORTS_MAC_DESIGNED_FOR_IPHONE_IPAD = NO;
				SWIFT_EMIT_LOC_STRINGS = YES;
				SWIFT_VERSION = 5.0;
				TARGETED_DEVICE_FAMILY = 1;
			};
			name = Release;
		};
/* End XCBuildConfiguration section */

/* Begin XCConfigurationList section */
		E4FDFAB72A82A2C10058898E /* Build configuration list for PBXProject "ChatApp" */ = {
			isa = XCConfigurationList;
			buildConfigurations = (
				E4FDFAC82A82A2C20058898E /* Debug */,
				E4FDFAC92A82A2C20058898E /* Release */,
			);
			defaultConfigurationIsVisible = 0;
			defaultConfigurationName = Release;
		};
		E4FDFACA2A82A2C20058898E /* Build configuration list for PBXNativeTarget "ChatApp" */ = {
			isa = XCConfigurationList;
			buildConfigurations = (
				E4FDFACB2A82A2C20058898E /* Debug */,
				E4FDFACC2A82A2C20058898E /* Release */,
			);
			defaultConfigurationIsVisible = 0;
			defaultConfigurationName = Release;
		};
/* End XCConfigurationList section */

/* Begin XCRemoteSwiftPackageReference section */
		E474D8402C8269F100FAA4DA /* XCRemoteSwiftPackageReference "SDWebImageSwiftUI" */ = {
			isa = XCRemoteSwiftPackageReference;
			repositoryURL = "https://github.com/SDWebImage/SDWebImageSwiftUI.git";
			requirement = {
				kind = upToNextMajorVersion;
				minimumVersion = 3.1.2;
			};
		};
		E474D8472C8397C600FAA4DA /* XCRemoteSwiftPackageReference "SwiftfulRouting" */ = {
			isa = XCRemoteSwiftPackageReference;
			repositoryURL = "https://github.com/SwiftfulThinking/SwiftfulRouting.git";
			requirement = {
				kind = upToNextMajorVersion;
				minimumVersion = 5.3.6;
			};
		};
		E474D84A2C8397E300FAA4DA /* XCRemoteSwiftPackageReference "SwiftfulUI" */ = {
			isa = XCRemoteSwiftPackageReference;
			repositoryURL = "https://github.com/SwiftfulThinking/SwiftfulUI.git";
			requirement = {
				kind = upToNextMajorVersion;
				minimumVersion = 1.2.0;
			};
		};
		E4FDFAFF2A86790D0058898E /* XCRemoteSwiftPackageReference "firebase-ios-sdk" */ = {
			isa = XCRemoteSwiftPackageReference;
			repositoryURL = "https://github.com/firebase/firebase-ios-sdk";
			requirement = {
				kind = upToNextMajorVersion;
				minimumVersion = 10.0.0;
			};
		};
/* End XCRemoteSwiftPackageReference section */

/* Begin XCSwiftPackageProductDependency section */
		E474D8412C8269F100FAA4DA /* SDWebImageSwiftUI */ = {
			isa = XCSwiftPackageProductDependency;
			package = E474D8402C8269F100FAA4DA /* XCRemoteSwiftPackageReference "SDWebImageSwiftUI" */;
			productName = SDWebImageSwiftUI;
		};
		E474D8452C830AE900FAA4DA /* FirebaseMessaging */ = {
			isa = XCSwiftPackageProductDependency;
			package = E4FDFAFF2A86790D0058898E /* XCRemoteSwiftPackageReference "firebase-ios-sdk" */;
			productName = FirebaseMessaging;
		};
		E474D8482C8397C600FAA4DA /* SwiftfulRouting */ = {
			isa = XCSwiftPackageProductDependency;
			package = E474D8472C8397C600FAA4DA /* XCRemoteSwiftPackageReference "SwiftfulRouting" */;
			productName = SwiftfulRouting;
		};
		E474D84B2C8397E300FAA4DA /* SwiftfulUI */ = {
			isa = XCSwiftPackageProductDependency;
			package = E474D84A2C8397E300FAA4DA /* XCRemoteSwiftPackageReference "SwiftfulUI" */;
			productName = SwiftfulUI;
		};
		E4FDFB002A86790D0058898E /* FirebaseAuth */ = {
			isa = XCSwiftPackageProductDependency;
			package = E4FDFAFF2A86790D0058898E /* XCRemoteSwiftPackageReference "firebase-ios-sdk" */;
			productName = FirebaseAuth;
		};
		E4FDFB022A86790D0058898E /* FirebaseFirestore */ = {
			isa = XCSwiftPackageProductDependency;
			package = E4FDFAFF2A86790D0058898E /* XCRemoteSwiftPackageReference "firebase-ios-sdk" */;
			productName = FirebaseFirestore;
		};
		E4FDFB042A86790D0058898E /* FirebaseFirestoreSwift */ = {
			isa = XCSwiftPackageProductDependency;
			package = E4FDFAFF2A86790D0058898E /* XCRemoteSwiftPackageReference "firebase-ios-sdk" */;
			productName = FirebaseFirestoreSwift;
		};
		E4FDFB062A86790D0058898E /* FirebaseStorage */ = {
			isa = XCSwiftPackageProductDependency;
			package = E4FDFAFF2A86790D0058898E /* XCRemoteSwiftPackageReference "firebase-ios-sdk" */;
			productName = FirebaseStorage;
		};
/* End XCSwiftPackageProductDependency section */
	};
	rootObject = E4FDFAB42A82A2C10058898E /* Project object */;
}
